// !$*UTF8*$!
{
	archiveVersion = 1;
	classes = {
	};
	objectVersion = 46;
	objects = {

/* Begin PBXBuildFile section */
		011EF2651C8F2E43000524CB /* AppDelegate.swift in Sources */ = {isa = PBXBuildFile; fileRef = 011EF2641C8F2E43000524CB /* AppDelegate.swift */; };
		011EF2671C8F2E43000524CB /* ViewController.swift in Sources */ = {isa = PBXBuildFile; fileRef = 011EF2661C8F2E43000524CB /* ViewController.swift */; };
		011EF26A1C8F2E43000524CB /* Main.storyboard in Resources */ = {isa = PBXBuildFile; fileRef = 011EF2681C8F2E43000524CB /* Main.storyboard */; };
		011EF26C1C8F2E43000524CB /* Assets.xcassets in Resources */ = {isa = PBXBuildFile; fileRef = 011EF26B1C8F2E43000524CB /* Assets.xcassets */; };
		011EF26F1C8F2E43000524CB /* LaunchScreen.storyboard in Resources */ = {isa = PBXBuildFile; fileRef = 011EF26D1C8F2E43000524CB /* LaunchScreen.storyboard */; };
		0174D1F61C9A949C00A28729 /* UIView+Size.m in Sources */ = {isa = PBXBuildFile; fileRef = 0174D1F51C9A949C00A28729 /* UIView+Size.m */; };
/* End PBXBuildFile section */

/* Begin PBXFileReference section */
		011EF2611C8F2E43000524CB /* ShoppingDetailEffectSwift.app */ = {isa = PBXFileReference; explicitFileType = wrapper.application; includeInIndex = 0; path = ShoppingDetailEffectSwift.app; sourceTree = BUILT_PRODUCTS_DIR; };
		011EF2641C8F2E43000524CB /* AppDelegate.swift */ = {isa = PBXFileReference; lastKnownFileType = sourcecode.swift; path = AppDelegate.swift; sourceTree = "<group>"; };
		011EF2661C8F2E43000524CB /* ViewController.swift */ = {isa = PBXFileReference; lastKnownFileType = sourcecode.swift; path = ViewController.swift; sourceTree = "<group>"; };
		011EF2691C8F2E43000524CB /* Base */ = {isa = PBXFileReference; lastKnownFileType = file.storyboard; name = Base; path = Base.lproj/Main.storyboard; sourceTree = "<group>"; };
		011EF26B1C8F2E43000524CB /* Assets.xcassets */ = {isa = PBXFileReference; lastKnownFileType = folder.assetcatalog; path = Assets.xcassets; sourceTree = "<group>"; };
		011EF26E1C8F2E43000524CB /* Base */ = {isa = PBXFileReference; lastKnownFileType = file.storyboard; name = Base; path = Base.lproj/LaunchScreen.storyboard; sourceTree = "<group>"; };
		011EF2701C8F2E43000524CB /* Info.plist */ = {isa = PBXFileReference; lastKnownFileType = text.plist.xml; path = Info.plist; sourceTree = "<group>"; };
		0174D1ED1C9A7F4D00A28729 /* Detail-Bridging-Header.h */ = {isa = PBXFileReference; fileEncoding = 4; lastKnownFileType = sourcecode.c.h; path = "Detail-Bridging-Header.h"; sourceTree = "<group>"; };
		0174D1F41C9A949C00A28729 /* UIView+Size.h */ = {isa = PBXFileReference; fileEncoding = 4; lastKnownFileType = sourcecode.c.h; name = "UIView+Size.h"; path = "../../shoppingDetailEffect/UIView+Size.h"; sourceTree = "<group>"; };
		0174D1F51C9A949C00A28729 /* UIView+Size.m */ = {isa = PBXFileReference; fileEncoding = 4; lastKnownFileType = sourcecode.c.objc; name = "UIView+Size.m"; path = "../../shoppingDetailEffect/UIView+Size.m"; sourceTree = "<group>"; };
/* End PBXFileReference section */

/* Begin PBXFrameworksBuildPhase section */
		011EF25E1C8F2E43000524CB /* Frameworks */ = {
			isa = PBXFrameworksBuildPhase;
			buildActionMask = 2147483647;
			files = (
			);
			runOnlyForDeploymentPostprocessing = 0;
		};
/* End PBXFrameworksBuildPhase section */

/* Begin PBXGroup section */
		011EF2581C8F2E43000524CB = {
			isa = PBXGroup;
			children = (
				011EF2631C8F2E43000524CB /* ShoppingDetailEffectSwift */,
				011EF2621C8F2E43000524CB /* Products */,
			);
			sourceTree = "<group>";
		};
		011EF2621C8F2E43000524CB /* Products */ = {
			isa = PBXGroup;
			children = (
				011EF2611C8F2E43000524CB /* ShoppingDetailEffectSwift.app */,
			);
			name = Products;
			sourceTree = "<group>";
		};
		011EF2631C8F2E43000524CB /* ShoppingDetailEffectSwift */ = {
			isa = PBXGroup;
			children = (
				0174D1F41C9A949C00A28729 /* UIView+Size.h */,
				0174D1F51C9A949C00A28729 /* UIView+Size.m */,
				011EF2641C8F2E43000524CB /* AppDelegate.swift */,
				011EF2661C8F2E43000524CB /* ViewController.swift */,
				011EF2681C8F2E43000524CB /* Main.storyboard */,
				011EF26B1C8F2E43000524CB /* Assets.xcassets */,
				011EF26D1C8F2E43000524CB /* LaunchScreen.storyboard */,
				011EF2701C8F2E43000524CB /* Info.plist */,
				0174D1ED1C9A7F4D00A28729 /* Detail-Bridging-Header.h */,
			);
			path = ShoppingDetailEffectSwift;
			sourceTree = "<group>";
		};
/* End PBXGroup section */

/* Begin PBXNativeTarget section */
		011EF2601C8F2E43000524CB /* ShoppingDetailEffectSwift */ = {
			isa = PBXNativeTarget;
			buildConfigurationList = 011EF2731C8F2E43000524CB /* Build configuration list for PBXNativeTarget "ShoppingDetailEffectSwift" */;
			buildPhases = (
				011EF25D1C8F2E43000524CB /* Sources */,
				011EF25E1C8F2E43000524CB /* Frameworks */,
				011EF25F1C8F2E43000524CB /* Resources */,
			);
			buildRules = (
			);
			dependencies = (
			);
			name = ShoppingDetailEffectSwift;
			productName = ShoppingDetailEffectSwift;
			productReference = 011EF2611C8F2E43000524CB /* ShoppingDetailEffectSwift.app */;
			productType = "com.apple.product-type.application";
		};
/* End PBXNativeTarget section */

/* Begin PBXProject section */
		011EF2591C8F2E43000524CB /* Project object */ = {
			isa = PBXProject;
			attributes = {
				LastSwiftUpdateCheck = 0720;
				LastUpgradeCheck = 0720;
				ORGANIZATIONNAME = chinasilex;
				TargetAttributes = {
					011EF2601C8F2E43000524CB = {
						CreatedOnToolsVersion = 7.2.1;
						LastSwiftMigration = 0830;
					};
				};
			};
			buildConfigurationList = 011EF25C1C8F2E43000524CB /* Build configuration list for PBXProject "ShoppingDetailEffectSwift" */;
			compatibilityVersion = "Xcode 3.2";
			developmentRegion = English;
			hasScannedForEncodings = 0;
			knownRegions = (
				en,
				Base,
			);
			mainGroup = 011EF2581C8F2E43000524CB;
			productRefGroup = 011EF2621C8F2E43000524CB /* Products */;
			projectDirPath = "";
			projectRoot = "";
			targets = (
				011EF2601C8F2E43000524CB /* ShoppingDetailEffectSwift */,
			);
		};
/* End PBXProject section */

/* Begin PBXResourcesBuildPhase section */
		011EF25F1C8F2E43000524CB /* Resources */ = {
			isa = PBXResourcesBuildPhase;
			buildActionMask = 2147483647;
			files = (
				011EF26F1C8F2E43000524CB /* LaunchScreen.storyboard in Resources */,
				011EF26C1C8F2E43000524CB /* Assets.xcassets in Resources */,
				011EF26A1C8F2E43000524CB /* Main.storyboard in Resources */,
			);
			runOnlyForDeploymentPostprocessing = 0;
		};
/* End PBXResourcesBuildPhase section */

/* Begin PBXSourcesBuildPhase section */
		011EF25D1C8F2E43000524CB /* Sources */ = {
			isa = PBXSourcesBuildPhase;
			buildActionMask = 2147483647;
			files = (
				0174D1F61C9A949C00A28729 /* UIView+Size.m in Sources */,
				011EF2671C8F2E43000524CB /* ViewController.swift in Sources */,
				011EF2651C8F2E43000524CB /* AppDelegate.swift in Sources */,
			);
			runOnlyForDeploymentPostprocessing = 0;
		};
/* End PBXSourcesBuildPhase section */

/* Begin PBXVariantGroup section */
		011EF2681C8F2E43000524CB /* Main.storyboard */ = {
			isa = PBXVariantGroup;
			children = (
				011EF2691C8F2E43000524CB /* Base */,
			);
			name = Main.storyboard;
			sourceTree = "<group>";
		};
		011EF26D1C8F2E43000524CB /* LaunchScreen.storyboard */ = {
			isa = PBXVariantGroup;
			children = (
				011EF26E1C8F2E43000524CB /* Base */,
			);
			name = LaunchScreen.storyboard;
			sourceTree = "<group>";
		};
/* End PBXVariantGroup section */

/* Begin XCBuildConfiguration section */
		011EF2711C8F2E43000524CB /* Debug */ = {
			isa = XCBuildConfiguration;
			buildSettings = {
				ALWAYS_SEARCH_USER_PATHS = NO;
				CLANG_CXX_LANGUAGE_STANDARD = "gnu++0x";
				CLANG_CXX_LIBRARY = "libc++";
				CLANG_ENABLE_MODULES = YES;
				CLANG_ENABLE_OBJC_ARC = YES;
				CLANG_WARN_BOOL_CONVERSION = YES;
				CLANG_WARN_CONSTANT_CONVERSION = YES;
				CLANG_WARN_DIRECT_OBJC_ISA_USAGE = YES_ERROR;
				CLANG_WARN_EMPTY_BODY = YES;
				CLANG_WARN_ENUM_CONVERSION = YES;
				CLANG_WARN_INT_CONVERSION = YES;
				CLANG_WARN_OBJC_ROOT_CLASS = YES_ERROR;
				CLANG_WARN_UNREACHABLE_CODE = YES;
				CLANG_WARN__DUPLICATE_METHOD_MATCH = YES;
				"CODE_SIGN_IDENTITY[sdk=iphoneos*]" = "iPhone Developer";
				COPY_PHASE_STRIP = NO;
				DEBUG_INFORMATION_FORMAT = dwarf;
				ENABLE_STRICT_OBJC_MSGSEND = YES;
				ENABLE_TESTABILITY = YES;
				GCC_C_LANGUAGE_STANDARD = gnu99;
				GCC_DYNAMIC_NO_PIC = NO;
				GCC_NO_COMMON_BLOCKS = YES;
				GCC_OPTIMIZATION_LEVEL = 0;
				GCC_PREPROCESSOR_DEFINITIONS = (
					"DEBUG=1",
					"$(inherited)",
				);
				GCC_WARN_64_TO_32_BIT_CONVERSION = YES;
				GCC_WARN_ABOUT_RETURN_TYPE = YES_ERROR;
				GCC_WARN_UNDECLARED_SELECTOR = YES;
				GCC_WARN_UNINITIALIZED_AUTOS = YES_AGGRESSIVE;
				GCC_WARN_UNUSED_FUNCTION = YES;
				GCC_WARN_UNUSED_VARIABLE = YES;
				IPHONEOS_DEPLOYMENT_TARGET = 9.2;
				MTL_ENABLE_DEBUG_INFO = YES;
				ONLY_ACTIVE_ARCH = YES;
				SDKROOT = iphoneos;
				SWIFT_OPTIMIZATION_LEVEL = "-Onone";
			};
			name = Debug;
		};
		011EF2721C8F2E43000524CB /* Release */ = {
			isa = XCBuildConfiguration;
			buildSettings = {
				ALWAYS_SEARCH_USER_PATHS = NO;
				CLANG_CXX_LANGUAGE_STANDARD = "gnu++0x";
				CLANG_CXX_LIBRARY = "libc++";
				CLANG_ENABLE_MODULES = YES;
				CLANG_ENABLE_OBJC_ARC = YES;
				CLANG_WARN_BOOL_CONVERSION = YES;
				CLANG_WARN_CONSTANT_CONVERSION = YES;
				CLANG_WARN_DIRECT_OBJC_ISA_USAGE = YES_ERROR;
				CLANG_WARN_EMPTY_BODY = YES;
				CLANG_WARN_ENUM_CONVERSION = YES;
				CLANG_WARN_INT_CONVERSION = YES;
				CLANG_WARN_OBJC_ROOT_CLASS = YES_ERROR;
				CLANG_WARN_UNREACHABLE_CODE = YES;
				CLANG_WARN__DUPLICATE_METHOD_MATCH = YES;
				"CODE_SIGN_IDENTITY[sdk=iphoneos*]" = "iPhone Developer";
				COPY_PHASE_STRIP = NO;
				DEBUG_INFORMATION_FORMAT = "dwarf-with-dsym";
				ENABLE_NS_ASSERTIONS = NO;
				ENABLE_STRICT_OBJC_MSGSEND = YES;
				GCC_C_LANGUAGE_STANDARD = gnu99;
				GCC_NO_COMMON_BLOCKS = YES;
				GCC_WARN_64_TO_32_BIT_CONVERSION = YES;
				GCC_WARN_ABOUT_RETURN_TYPE = YES_ERROR;
				GCC_WARN_UNDECLARED_SELECTOR = YES;
				GCC_WARN_UNINITIALIZED_AUTOS = YES_AGGRESSIVE;
				GCC_WARN_UNUSED_FUNCTION = YES;
				GCC_WARN_UNUSED_VARIABLE = YES;
				IPHONEOS_DEPLOYMENT_TARGET = 9.2;
				MTL_ENABLE_DEBUG_INFO = NO;
				SDKROOT = iphoneos;
				VALIDATE_PRODUCT = YES;
			};
			name = Release;
		};
		011EF2741C8F2E43000524CB /* Debug */ = {
			isa = XCBuildConfiguration;
			buildSettings = {
				ASSETCATALOG_COMPILER_APPICON_NAME = AppIcon;
				INFOPLIST_FILE = ShoppingDetailEffectSwift/Info.plist;
				LD_RUNPATH_SEARCH_PATHS = "$(inherited) @executable_path/Frameworks";
				PRODUCT_BUNDLE_IDENTIFIER = com.chinasilex.ShoppingDetailEffectSwift;
				PRODUCT_NAME = "$(TARGET_NAME)";
				SWIFT_OBJC_BRIDGING_HEADER = "ShoppingDetailEffectSwift/Detail-Bridging-Header.h";
				SWIFT_VERSION = 3.0;
			};
			name = Debug;
		};
		011EF2751C8F2E43000524CB /* Release */ = {
			isa = XCBuildConfiguration;
			buildSettings = {
				ASSETCATALOG_COMPILER_APPICON_NAME = AppIcon;
				INFOPLIST_FILE = ShoppingDetailEffectSwift/Info.plist;
				LD_RUNPATH_SEARCH_PATHS = "$(inherited) @executable_path/Frameworks";
				PRODUCT_BUNDLE_IDENTIFIER = com.chinasilex.ShoppingDetailEffectSwift;
				PRODUCT_NAME = "$(TARGET_NAME)";
				SWIFT_OBJC_BRIDGING_HEADER = "ShoppingDetailEffectSwift/Detail-Bridging-Header.h";
				SWIFT_VERSION = 3.0;
			};
			name = Release;
		};
/* End XCBuildConfiguration section */

/* Begin XCConfigurationList section */
		011EF25C1C8F2E43000524CB /* Build configuration list for PBXProject "ShoppingDetailEffectSwift" */ = {
			isa = XCConfigurationList;
			buildConfigurations = (
				011EF2711C8F2E43000524CB /* Debug */,
				011EF2721C8F2E43000524CB /* Release */,
			);
			defaultConfigurationIsVisible = 0;
			defaultConfigurationName = Release;
		};
		011EF2731C8F2E43000524CB /* Build configuration list for PBXNativeTarget "ShoppingDetailEffectSwift" */ = {
			isa = XCConfigurationList;
			buildConfigurations = (
				011EF2741C8F2E43000524CB /* Debug */,
				011EF2751C8F2E43000524CB /* Release */,
			);
			defaultConfigurationIsVisible = 0;
			defaultConfigurationName = Release;
		};
/* End XCConfigurationList section */
	};
	rootObject = 011EF2591C8F2E43000524CB /* Project object */;
}
